{
  "lockfile_version": "1",
  "packages": {
    "git@2.52.0": {
      "last_modified": "2026-01-12T00:44:08Z",
      "resolved": "github:NixOS/nixpkgs/3fbab70c6e69c87ea2b6e48aa6629da2aa6a23b0#git",
      "source": "devbox-search",
      "version": "2.52.0",
      "systems": {
        "aarch64-darwin": {
          "outputs": [
            {
              "name": "out",
              "path": "/nix/store/1xy62wrp3m91snd3cazxgg0yrplb6sav-git-2.52.0",
              "default": true
            },
            {
              "name": "doc",
              "path": "/nix/store/1518yqnr4z0p65jfv8skw2qwc30ad5la-git-2.52.0-doc"
            }
          ],
          "store_path": "/nix/store/1xy62wrp3m91snd3cazxgg0yrplb6sav-git-2.52.0"
        },
        "aarch64-linux": {
          "outputs": [
            {
              "name": "out",
              "path": "/nix/store/mfbr42w740arf759n51nhki221lang5z-git-2.52.0",
              "default": true
            },
            {
              "name": "debug",
              "path": "/nix/store/q0lq2fczq1y9q9028k4ripf38mfy3n42-git-2.52.0-debug"
            },
            {
              "name": "doc",
              "path": "/nix/store/lm1plgvh8qlv0amm8wiz8l00ky298hws-git-2.52.0-doc"
            }
          ],
          "store_path": "/nix/store/mfbr42w740arf759n51nhki221lang5z-git-2.52.0"
        },
        "x86_64-darwin": {
          "outputs": [
            {
              "name": "out",
              "path": "/nix/store/0lxp1s4hb0xb0di1a5jg08rr8hk0cvz8-git-2.52.0",
              "default": true
            },
            {
              "name": "doc",
              "path": "/nix/store/a9903b6q3clvx61l8drkpr262fb5qmik-git-2.52.0-doc"
            }
          ],
          "store_path": "/nix/store/0lxp1s4hb0xb0di1a5jg08rr8hk0cvz8-git-2.52.0"
        },
        "x86_64-linux": {
          "outputs": [
            {
              "name": "out",
              "path": "/nix/store/fryiyyhhilpqhx2wc4b6l5gnxc8w18rg-git-2.52.0",
              "default": true
            },
            {
              "name": "debug",
              "path": "/nix/store/q6m51s4q8kddlh9b9rb63v1yqvlv3xgp-git-2.52.0-debug"
            },
            {
              "name": "doc",
              "path": "/nix/store/n4zq81winwf8d5y2ra7fjznwl6cnhggz-git-2.52.0-doc"
            }
          ],
          "store_path": "/nix/store/fryiyyhhilpqhx2wc4b6l5gnxc8w18rg-git-2.52.0"
        }
      }
    },
    "github:NixOS/nixpkgs/nixpkgs-unstable": {
      "last_modified": "2026-01-20T02:11:35Z",
      "resolved": "github:NixOS/nixpkgs/ed142ab1b3a092c4d149245d0c4126a5d7ea00b0?lastModified=1768875095&narHash=sha256-dYP3DjiL7oIiiq3H65tGIXXIT1Waiadmv93JS0sS%2B8A%3D"
    },
    "lazygit@latest": {
      "last_modified": "2026-01-13T11:13:53Z",
      "resolved": "github:NixOS/nixpkgs/61db79b0c6b838d9894923920b612048e1201926#lazygit",
      "source": "devbox-search",
      "version": "0.58.1",
      "systems": {
        "aarch64-darwin": {
          "outputs": [
            {
              "name": "out",
              "path": "/nix/store/x63sz0pba0gm8asqcy19ygncagj7kqyw-lazygit-0.58.1",
              "default": true
            }
          ],
          "store_path": "/nix/store/x63sz0pba0gm8asqcy19ygncagj7kqyw-lazygit-0.58.1"
        },
        "aarch64-linux": {
          "outputs": [
            {
              "name": "out",
              "path": "/nix/store/345709g0m9chpf06wglp0d3b6dhddc94-lazygit-0.58.1",
              "default": true
            }
          ],
          "store_path": "/nix/store/345709g0m9chpf06wglp0d3b6dhddc94-lazygit-0.58.1"
        },
        "x86_64-darwin": {
          "outputs": [
            {
              "name": "out",
              "path": "/nix/store/wqh8g1j0332sn9da55z3l7353c3l1w4v-lazygit-0.58.1",
              "default": true
            }
          ],
          "store_path": "/nix/store/wqh8g1j0332sn9da55z3l7353c3l1w4v-lazygit-0.58.1"
        },
        "x86_64-linux": {
          "outputs": [
            {
              "name": "out",
              "path": "/nix/store/lbcvi1g1qccd97sf2rz5b1zybhr222ml-lazygit-0.58.1",
              "default": true
            }
          ],
          "store_path": "/nix/store/lbcvi1g1qccd97sf2rz5b1zybhr222ml-lazygit-0.58.1"
        }
      }
    },
    "neovim@0.11.5": {
      "last_modified": "2025-12-31T03:27:36Z",
      "resolved": "github:NixOS/nixpkgs/f665af0cdb70ed27e1bd8f9fdfecaf451260fc55#neovim",
      "source": "devbox-search",
      "version": "0.11.5",
      "systems": {
        "aarch64-darwin": {
          "outputs": [
            {
              "name": "out",
              "path": "/nix/store/wsr62a5zc7a8wchq1zs1y1y4irs5cd36-neovim-0.11.5",
              "default": true
            }
          ],
          "store_path": "/nix/store/wsr62a5zc7a8wchq1zs1y1y4irs5cd36-neovim-0.11.5"
        },
        "aarch64-linux": {
          "outputs": [
            {
              "name": "out",
              "path": "/nix/store/cx0pndc8af0rr66bl5k921zk7291ngmn-neovim-0.11.5",
              "default": true
            }
          ],
          "store_path": "/nix/store/cx0pndc8af0rr66bl5k921zk7291ngmn-neovim-0.11.5"
        },
        "x86_64-darwin": {
          "outputs": [
            {
              "name": "out",
              "path": "/nix/store/b1j5zvji8x8vygl7hc9lxdb01fv0cw46-neovim-0.11.5",
              "default": true
            }
          ],
          "store_path": "/nix/store/b1j5zvji8x8vygl7hc9lxdb01fv0cw46-neovim-0.11.5"
        },
        "x86_64-linux": {
          "outputs": [
            {
              "name": "out",
              "path": "/nix/store/qbyjl2a5m76h0vjkv47ckdz84ck7cjc0-neovim-0.11.5",
              "default": true
            }
          ],
          "store_path": "/nix/store/qbyjl2a5m76h0vjkv47ckdz84ck7cjc0-neovim-0.11.5"
        }
      }
    },
    "nodejs@24.11.1": {
      "last_modified": "2025-12-05T15:03:55Z",
      "plugin_version": "0.0.2",
      "resolved": "github:NixOS/nixpkgs/a672be65651c80d3f592a89b3945466584a22069#nodejs_24",
      "source": "devbox-search",
      "version": "24.11.1",
      "systems": {
        "aarch64-darwin": {
          "outputs": [
            {
              "name": "out",
              "path": "/nix/store/h57ln4r40qr349z1r8ri90n9i9xid3r5-nodejs-24.11.1",
              "default": true
            },
            {
              "name": "libv8",
              "path": "/nix/store/h4ad12n85c04b2c5c1a4r8r5qr4i1afn-nodejs-24.11.1-libv8"
            },
            {
              "name": "dev",
              "path": "/nix/store/akmrc34ry4wil7wq8ghxbh2dpvikschh-nodejs-24.11.1-dev"
            }
          ],
          "store_path": "/nix/store/h57ln4r40qr349z1r8ri90n9i9xid3r5-nodejs-24.11.1"
        },
        "aarch64-linux": {
          "outputs": [
            {
              "name": "out",
              "path": "/nix/store/r46dnkahacvrnavv5945aizq8b61kbwc-nodejs-24.11.1",
              "default": true
            },
            {
              "name": "libv8",
              "path": "/nix/store/7ihzshxrnl1xh935ff8va57aw1avwk5j-nodejs-24.11.1-libv8"
            },
            {
              "name": "dev",
              "path": "/nix/store/82gbs5sgm1gpggsalpdlnxjkvr7bnkcc-nodejs-24.11.1-dev"
            }
          ],
          "store_path": "/nix/store/r46dnkahacvrnavv5945aizq8b61kbwc-nodejs-24.11.1"
        },
        "x86_64-darwin": {
          "outputs": [
            {
              "name": "out",
              "path": "/nix/store/68d27bbipwcv99inwbs6fb7vxbgd4q6j-nodejs-24.11.1",
              "default": true
            },
            {
              "name": "dev",
              "path": "/nix/store/xj8y0v2v5ssdxbpz1bz9yivn109g3i4x-nodejs-24.11.1-dev"
            },
            {
              "name": "libv8",
              "path": "/nix/store/136306lidz9kx8dlka3l2sf1q9i6ilc3-nodejs-24.11.1-libv8"
            }
          ],
          "store_path": "/nix/store/68d27bbipwcv99inwbs6fb7vxbgd4q6j-nodejs-24.11.1"
        },
        "x86_64-linux": {
          "outputs": [
            {
              "name": "out",
              "path": "/nix/store/lgggxsrdzisnbligi7irlh4qmqczs0xk-nodejs-24.11.1",
              "default": true
            },
            {
              "name": "dev",
              "path": "/nix/store/qayyvn6vq1yx49lr30kkrpdl1jy99752-nodejs-24.11.1-dev"
            },
            {
              "name": "libv8",
              "path": "/nix/store/i9s2w9xib1fbqrc2qmmyz17frhpvkmsk-nodejs-24.11.1-libv8"
            }
          ],
          "store_path": "/nix/store/lgggxsrdzisnbligi7irlh4qmqczs0xk-nodejs-24.11.1"
        }
      }
    },
    "p4@latest": {
      "last_modified": "2025-12-31T03:27:36Z",
      "resolved": "github:NixOS/nixpkgs/f665af0cdb70ed27e1bd8f9fdfecaf451260fc55#p4",
      "source": "devbox-search",
      "version": "2024.1-2596294",
      "systems": {
        "aarch64-darwin": {
          "outputs": [
            {
              "name": "out",
              "path": "/nix/store/j678dg3hp1diskaf7xff02gapqf6pmdf-p4-2024.1-2596294",
              "default": true
            },
            {
              "name": "bin",
              "path": "/nix/store/7x9gahvd6bghsilczhm2wpk338ari1va-p4-2024.1-2596294-bin",
              "default": true
            },
            {
              "name": "dev",
              "path": "/nix/store/cxg1wg1vrdc8pgdsd6jxk9rgxrb6lh08-p4-2024.1-2596294-dev"
            }
          ],
          "store_path": "/nix/store/j678dg3hp1diskaf7xff02gapqf6pmdf-p4-2024.1-2596294"
        },
        "aarch64-linux": {
          "outputs": [
            {
              "name": "out",
              "path": "/nix/store/8myliz4a7kg4gz2ddhp9lka8kng2x5j7-p4-2024.1-2596294",
              "default": true
            },
            {
              "name": "bin",
              "path": "/nix/store/w0am13f4v4csksr7srb2zzcxvkd61i76-p4-2024.1-2596294-bin",
              "default": true
            },
            {
              "name": "dev",
              "path": "/nix/store/whw5h5v78969q13ds0562vhnjammhci0-p4-2024.1-2596294-dev"
            }
          ],
          "store_path": "/nix/store/8myliz4a7kg4gz2ddhp9lka8kng2x5j7-p4-2024.1-2596294"
        },
        "x86_64-darwin": {
          "outputs": [
            {
              "name": "out",
              "path": "/nix/store/g7mjkbqj1dw4c506zffa5d7icmimm47m-p4-2024.1-2596294",
              "default": true
            },
            {
              "name": "bin",
              "path": "/nix/store/fap9zr7301hm3marm5hy9z2iy8h1qaqh-p4-2024.1-2596294-bin",
              "default": true
            },
            {
              "name": "dev",
              "path": "/nix/store/09vl0hxharq0hyg2r8xw7j55ah31hkjh-p4-2024.1-2596294-dev"
            }
          ],
          "store_path": "/nix/store/g7mjkbqj1dw4c506zffa5d7icmimm47m-p4-2024.1-2596294"
        },
        "x86_64-linux": {
          "outputs": [
            {
              "name": "out",
              "path": "/nix/store/5xfqsdm4n0whbmdckgd5nbhxlxx3h0km-p4-2024.1-2596294",
              "default": true
            },
            {
              "name": "bin",
              "path": "/nix/store/17c4bjz6652qgygqpqvvkzsg3l690mi2-p4-2024.1-2596294-bin",
              "default": true
            },
            {
              "name": "dev",
              "path": "/nix/store/d8yy90rz1sfs91q781qhs999lnyqx879-p4-2024.1-2596294-dev"
            }
          ],
          "store_path": "/nix/store/5xfqsdm4n0whbmdckgd5nbhxlxx3h0km-p4-2024.1-2596294"
        }
      }
    },
    "ripgrep@latest": {
      "last_modified": "2025-12-31T03:27:36Z",
      "resolved": "github:NixOS/nixpkgs/f665af0cdb70ed27e1bd8f9fdfecaf451260fc55#ripgrep",
      "source": "devbox-search",
      "version": "15.1.0",
      "systems": {
        "aarch64-darwin": {
          "outputs": [
            {
              "name": "out",
              "path": "/nix/store/zydgmksf6gf4q95k43qym4nzf0w4881a-ripgrep-15.1.0",
              "default": true
            }
          ],
          "store_path": "/nix/store/zydgmksf6gf4q95k43qym4nzf0w4881a-ripgrep-15.1.0"
        },
        "aarch64-linux": {
          "outputs": [
            {
              "name": "out",
              "path": "/nix/store/v11qbp8lrfmxjp22lf1xmqrv5m35fapn-ripgrep-15.1.0",
              "default": true
            }
          ],
          "store_path": "/nix/store/v11qbp8lrfmxjp22lf1xmqrv5m35fapn-ripgrep-15.1.0"
        },
        "x86_64-darwin": {
          "outputs": [
            {
              "name": "out",
              "path": "/nix/store/xm3m0plyc4wyk1i2wibbzvdsi6mbh4rz-ripgrep-15.1.0",
              "default": true
            }
          ],
          "store_path": "/nix/store/xm3m0plyc4wyk1i2wibbzvdsi6mbh4rz-ripgrep-15.1.0"
        },
        "x86_64-linux": {
          "outputs": [
            {
              "name": "out",
              "path": "/nix/store/0qh46n4bqwci1dli1bjqkavvzmdw87x3-ripgrep-15.1.0",
              "default": true
            }
          ],
          "store_path": "/nix/store/0qh46n4bqwci1dli1bjqkavvzmdw87x3-ripgrep-15.1.0"
        }
      }
    },
    "tldr@latest": {
      "last_modified": "2025-12-31T03:27:36Z",
      "resolved": "github:NixOS/nixpkgs/f665af0cdb70ed27e1bd8f9fdfecaf451260fc55#tldr",
      "source": "devbox-search",
      "version": "3.3.0",
      "systems": {
        "aarch64-darwin": {
          "outputs": [
            {
              "name": "out",
              "path": "/nix/store/6vk3pqsg4vv8x25sjp8i8njy9wq08l9l-tldr-3.3.0",
              "default": true
            },
            {
              "name": "dist",
              "path": "/nix/store/bmarzf216r4mk1azlzj569gxa3pza1pn-tldr-3.3.0-dist"
            }
          ],
          "store_path": "/nix/store/6vk3pqsg4vv8x25sjp8i8njy9wq08l9l-tldr-3.3.0"
        },
        "aarch64-linux": {
          "outputs": [
            {
              "name": "out",
              "path": "/nix/store/f9nyjwvahnxqinli7zqdvy7p894s7n0z-tldr-3.3.0",
              "default": true
            },
            {
              "name": "dist",
              "path": "/nix/store/p6mqbqgyjdxgplsmi9yfxjnmvagr92gj-tldr-3.3.0-dist"
            }
          ],
          "store_path": "/nix/store/f9nyjwvahnxqinli7zqdvy7p894s7n0z-tldr-3.3.0"
        },
        "x86_64-darwin": {
          "outputs": [
            {
              "name": "out",
              "path": "/nix/store/z2fxhr5vxijkpd5q21233a2rv5acc3r9-tldr-3.3.0",
              "default": true
            },
            {
              "name": "dist",
              "path": "/nix/store/36a3nrbhjnknicv1hwabc0cx6kz32wh5-tldr-3.3.0-dist"
            }
          ],
          "store_path": "/nix/store/z2fxhr5vxijkpd5q21233a2rv5acc3r9-tldr-3.3.0"
        },
        "x86_64-linux": {
          "outputs": [
            {
              "name": "out",
              "path": "/nix/store/p4hca5zzcfv36k4xdydsyanvmvk49img-tldr-3.3.0",
              "default": true
            },
            {
              "name": "dist",
              "path": "/nix/store/094az857nnf2zi4jqdgrjmv9rqc2w6ja-tldr-3.3.0-dist"
            }
          ],
          "store_path": "/nix/store/p4hca5zzcfv36k4xdydsyanvmvk49img-tldr-3.3.0"
        }
      }
    },
    "tmux@latest": {
      "last_modified": "2025-11-26T14:39:26Z",
      "resolved": "github:NixOS/nixpkgs/5c46f3bd98147c8d82366df95bbef2cab3a967ea#tmux",
      "source": "devbox-search",
      "version": "3.6",
      "systems": {
        "aarch64-darwin": {
          "outputs": [
            {
              "name": "out",
              "path": "/nix/store/8cc44893xix9xknp1phzi5jg8g0pghii-tmux-3.6",
              "default": true
            },
            {
              "name": "man",
              "path": "/nix/store/08iih7zrw7yybahxla1f3vf1qhygiwzb-tmux-3.6-man",
              "default": true
            }
          ],
          "store_path": "/nix/store/8cc44893xix9xknp1phzi5jg8g0pghii-tmux-3.6"
        },
        "aarch64-linux": {
          "outputs": [
            {
              "name": "out",
              "path": "/nix/store/nipnplpp8s2kxrym46ziwm286ac9smxk-tmux-3.6",
              "default": true
            },
            {
              "name": "man",
              "path": "/nix/store/h0mw9jvd11ykb63rxvjwg03yxpmwcrsk-tmux-3.6-man",
              "default": true
            }
          ],
          "store_path": "/nix/store/nipnplpp8s2kxrym46ziwm286ac9smxk-tmux-3.6"
        },
        "x86_64-darwin": {
          "outputs": [
            {
              "name": "out",
              "path": "/nix/store/r9as91zw6j6ly5wy67w7ksy56y4fa6m0-tmux-3.6",
              "default": true
            },
            {
              "name": "man",
              "path": "/nix/store/x91dqpy96jnjv7prrg1x65lzhlp8h7px-tmux-3.6-man",
              "default": true
            }
          ],
          "store_path": "/nix/store/r9as91zw6j6ly5wy67w7ksy56y4fa6m0-tmux-3.6"
        },
        "x86_64-linux": {
          "outputs": [
            {
              "name": "out",
              "path": "/nix/store/aaryy6aga27r973s97ckbmalbc1ha4hl-tmux-3.6",
              "default": true
            },
            {
              "name": "man",
              "path": "/nix/store/vkz0jwnx7cg2gc48w3nijs1d3sydz9l5-tmux-3.6-man",
              "default": true
            }
          ],
          "store_path": "/nix/store/aaryy6aga27r973s97ckbmalbc1ha4hl-tmux-3.6"
        }
      }
    },
    "zellij@latest": {
      "last_modified": "2025-12-31T03:27:36Z",
      "resolved": "github:NixOS/nixpkgs/f665af0cdb70ed27e1bd8f9fdfecaf451260fc55#zellij",
      "source": "devbox-search",
      "version": "0.43.1",
      "systems": {
        "aarch64-darwin": {
          "outputs": [
            {
              "name": "out",
              "path": "/nix/store/9yn2n6d7hfs7skl3kbdv053lcdrzsmp3-zellij-0.43.1",
              "default": true
            }
          ],
          "store_path": "/nix/store/9yn2n6d7hfs7skl3kbdv053lcdrzsmp3-zellij-0.43.1"
        },
        "aarch64-linux": {
          "outputs": [
            {
              "name": "out",
              "path": "/nix/store/8zvl3x8f70cwhwfhchgs09ml5q179ql0-zellij-0.43.1",
              "default": true
            }
          ],
          "store_path": "/nix/store/8zvl3x8f70cwhwfhchgs09ml5q179ql0-zellij-0.43.1"
        },
        "x86_64-darwin": {
          "outputs": [
            {
              "name": "out",
              "path": "/nix/store/2sgvf8d90qh6absglv4simqjpih8s4p1-zellij-0.43.1",
              "default": true
            }
          ],
          "store_path": "/nix/store/2sgvf8d90qh6absglv4simqjpih8s4p1-zellij-0.43.1"
        },
        "x86_64-linux": {
          "outputs": [
            {
              "name": "out",
              "path": "/nix/store/a732r17c2xkmmcnyvj096lg90l1iv0yi-zellij-0.43.1",
              "default": true
            }
          ],
          "store_path": "/nix/store/a732r17c2xkmmcnyvj096lg90l1iv0yi-zellij-0.43.1"
        }
      }
    }
  }
}
